
Microsoft Visual Studio Solution File, Format Version 12.00
# Visual Studio Version 17
VisualStudioVersion = 17.9.34714.143
MinimumVisualStudioVersion = 10.0.40219.1
Project("{FAE04EC0-301F-11D3-BF4B-00C04F79EFBC}") = "SemesterTest", "SemesterTest.csproj", "{B36A1950-6D47-479D-ABCA-E45D0F1DB0ED}"
EndProject
Global
	GlobalSection(SolutionConfigurationPlatforms) = preSolution
		Debug|Any CPU = Debug|Any CPU
		Release|Any CPU = Release|Any CPU
	EndGlobalSection
	GlobalSection(ProjectConfigurationPlatforms) = postSolution
		{B36A1950-6D47-479D-ABCA-E45D0F1DB0ED}.Debug|Any CPU.ActiveCfg = Debug|Any CPU
		{B36A1950-6D47-479D-ABCA-E45D0F1DB0ED}.Debug|Any CPU.Build.0 = Debug|Any CPU
		{B36A1950-6D47-479D-ABCA-E45D0F1DB0ED}.Release|Any CPU.ActiveCfg = Release|Any CPU
		{B36A1950-6D47-479D-ABCA-E45D0F1DB0ED}.Release|Any CPU.Build.0 = Release|Any CPU
	EndGlobalSection
	GlobalSection(SolutionProperties) = preSolution
		HideSolutionNode = FALSE
	EndGlobalSection
	GlobalSection(ExtensibilityGlobals) = postSolution
		SolutionGuid = {9D449F82-E6B9-4A3D-8170-A28991A74A6D}
	EndGlobalSection
EndGlobal
