
Microsoft Visual Studio Solution File, Format Version 12.00
# Visual Studio Version 17
VisualStudioVersion = 17.9.34701.34
MinimumVisualStudioVersion = 10.0.40219.1
Project("{FAE04EC0-301F-11D3-BF4B-00C04F79EFBC}") = "Iteration3Test", "Iteration3Test.csproj", "{02FD814D-3A20-47B5-89CD-A8E1AE36A3DC}"
EndProject
Global
	GlobalSection(SolutionConfigurationPlatforms) = preSolution
		Debug|Any CPU = Debug|Any CPU
		Release|Any CPU = Release|Any CPU
	EndGlobalSection
	GlobalSection(ProjectConfigurationPlatforms) = postSolution
		{02FD814D-3A20-47B5-89CD-A8E1AE36A3DC}.Debug|Any CPU.ActiveCfg = Debug|Any CPU
		{02FD814D-3A20-47B5-89CD-A8E1AE36A3DC}.Debug|Any CPU.Build.0 = Debug|Any CPU
		{02FD814D-3A20-47B5-89CD-A8E1AE36A3DC}.Release|Any CPU.ActiveCfg = Release|Any CPU
		{02FD814D-3A20-47B5-89CD-A8E1AE36A3DC}.Release|Any CPU.Build.0 = Release|Any CPU
	EndGlobalSection
	GlobalSection(SolutionProperties) = preSolution
		HideSolutionNode = FALSE
	EndGlobalSection
	GlobalSection(ExtensibilityGlobals) = postSolution
		SolutionGuid = {4A227168-58AA-4795-8EC7-DA8FE93397CE}
	EndGlobalSection
EndGlobal
