
Microsoft Visual Studio Solution File, Format Version 12.00
# Visual Studio Version 17
VisualStudioVersion = 17.9.34714.143
MinimumVisualStudioVersion = 10.0.40219.1
Project("{FAE04EC0-301F-11D3-BF4B-00C04F79EFBC}") = "Iteration5Test", "Iteration5Test.csproj", "{C95BF078-8C70-4F62-B6DE-E17C0BCBBCF4}"
EndProject
Global
	GlobalSection(SolutionConfigurationPlatforms) = preSolution
		Debug|Any CPU = Debug|Any CPU
		Release|Any CPU = Release|Any CPU
	EndGlobalSection
	GlobalSection(ProjectConfigurationPlatforms) = postSolution
		{C95BF078-8C70-4F62-B6DE-E17C0BCBBCF4}.Debug|Any CPU.ActiveCfg = Debug|Any CPU
		{C95BF078-8C70-4F62-B6DE-E17C0BCBBCF4}.Debug|Any CPU.Build.0 = Debug|Any CPU
		{C95BF078-8C70-4F62-B6DE-E17C0BCBBCF4}.Release|Any CPU.ActiveCfg = Release|Any CPU
		{C95BF078-8C70-4F62-B6DE-E17C0BCBBCF4}.Release|Any CPU.Build.0 = Release|Any CPU
	EndGlobalSection
	GlobalSection(SolutionProperties) = preSolution
		HideSolutionNode = FALSE
	EndGlobalSection
	GlobalSection(ExtensibilityGlobals) = postSolution
		SolutionGuid = {0B937941-AA86-4770-BCE3-DFAD7F0D6392}
	EndGlobalSection
EndGlobal
