
Microsoft Visual Studio Solution File, Format Version 12.00
# Visual Studio Version 17
VisualStudioVersion = 17.9.34714.143
MinimumVisualStudioVersion = 10.0.40219.1
Project("{FAE04EC0-301F-11D3-BF4B-00C04F79EFBC}") = "Iteration6Test", "Iteration6Test.csproj", "{C99F2A4A-9CA3-41E9-814F-8155F9D24E5A}"
EndProject
Global
	GlobalSection(SolutionConfigurationPlatforms) = preSolution
		Debug|Any CPU = Debug|Any CPU
		Release|Any CPU = Release|Any CPU
	EndGlobalSection
	GlobalSection(ProjectConfigurationPlatforms) = postSolution
		{C99F2A4A-9CA3-41E9-814F-8155F9D24E5A}.Debug|Any CPU.ActiveCfg = Debug|Any CPU
		{C99F2A4A-9CA3-41E9-814F-8155F9D24E5A}.Debug|Any CPU.Build.0 = Debug|Any CPU
		{C99F2A4A-9CA3-41E9-814F-8155F9D24E5A}.Release|Any CPU.ActiveCfg = Release|Any CPU
		{C99F2A4A-9CA3-41E9-814F-8155F9D24E5A}.Release|Any CPU.Build.0 = Release|Any CPU
	EndGlobalSection
	GlobalSection(SolutionProperties) = preSolution
		HideSolutionNode = FALSE
	EndGlobalSection
	GlobalSection(ExtensibilityGlobals) = postSolution
		SolutionGuid = {B8FCAED3-4DED-430D-8E1E-095AC8B49FE3}
	EndGlobalSection
EndGlobal
